
Microsoft Visual Studio Solution File, Format Version 12.00
# Visual Studio Version 17
VisualStudioVersion = 17.5.002.0
MinimumVisualStudioVersion = 10.0.40219.1
Project("{9A19103F-16F7-4668-BE54-9A1E7A4F7556}") = "IdentityApp", "IdentityApp.csproj", "{D58C9F1E-72CA-4040-8516-64F9B2C35FF8}"
EndProject
Global
	GlobalSection(SolutionConfigurationPlatforms) = preSolution
		Debug|Any CPU = Debug|Any CPU
		Release|Any CPU = Release|Any CPU
	EndGlobalSection
	GlobalSection(ProjectConfigurationPlatforms) = postSolution
		{D58C9F1E-72CA-4040-8516-64F9B2C35FF8}.Debug|Any CPU.ActiveCfg = Debug|Any CPU
		{D58C9F1E-72CA-4040-8516-64F9B2C35FF8}.Debug|Any CPU.Build.0 = Debug|Any CPU
		{D58C9F1E-72CA-4040-8516-64F9B2C35FF8}.Release|Any CPU.ActiveCfg = Release|Any CPU
		{D58C9F1E-72CA-4040-8516-64F9B2C35FF8}.Release|Any CPU.Build.0 = Release|Any CPU
	EndGlobalSection
	GlobalSection(SolutionProperties) = preSolution
		HideSolutionNode = FALSE
	EndGlobalSection
	GlobalSection(ExtensibilityGlobals) = postSolution
		SolutionGuid = {7EEF88D3-0B5B-42AA-96E0-F9B4432A4F65}
	EndGlobalSection
EndGlobal
